// !$*UTF8*$!
{
	archiveVersion = 1;
	classes = {
	};
	objectVersion = 77;
	objects = {

/* Begin PBXContainerItemProxy section */
		CBA37F972D7F6A3000069B49 /* PBXContainerItemProxy */ = {
			isa = PBXContainerItemProxy;
			containerPortal = CBA37F782D7F6A2F00069B49 /* Project object */;
			proxyType = 1;
			remoteGlobalIDString = CBA37F7F2D7F6A2F00069B49;
			remoteInfo = hw15;
		};
		CBA37FA12D7F6A3000069B49 /* PBXContainerItemProxy */ = {
			isa = PBXContainerItemProxy;
			containerPortal = CBA37F782D7F6A2F00069B49 /* Project object */;
			proxyType = 1;
			remoteGlobalIDString = CBA37F7F2D7F6A2F00069B49;
			remoteInfo = hw15;
		};
/* End PBXContainerItemProxy section */

/* Begin PBXFileReference section */
		CBA37F802D7F6A2F00069B49 /* hw15.app */ = {isa = PBXFileReference; explicitFileType = wrapper.application; includeInIndex = 0; path = hw15.app; sourceTree = BUILT_PRODUCTS_DIR; };
		CBA37F962D7F6A3000069B49 /* hw15Tests.xctest */ = {isa = PBXFileReference; explicitFileType = wrapper.cfbundle; includeInIndex = 0; path = hw15Tests.xctest; sourceTree = BUILT_PRODUCTS_DIR; };
		CBA37FA02D7F6A3000069B49 /* hw15UITests.xctest */ = {isa = PBXFileReference; explicitFileType = wrapper.cfbundle; includeInIndex = 0; path = hw15UITests.xctest; sourceTree = BUILT_PRODUCTS_DIR; };
/* End PBXFileReference section */

/* Begin PBXFileSystemSynchronizedBuildFileExceptionSet section */
		CBA37FA82D7F6A3000069B49 /* Exceptions for "hw15" folder in "hw15" target */ = {
			isa = PBXFileSystemSynchronizedBuildFileExceptionSet;
			membershipExceptions = (
				Info.plist,
			);
			target = CBA37F7F2D7F6A2F00069B49 /* hw15 */;
		};
/* End PBXFileSystemSynchronizedBuildFileExceptionSet section */

/* Begin PBXFileSystemSynchronizedRootGroup section */
		CBA37F822D7F6A2F00069B49 /* hw15 */ = {
			isa = PBXFileSystemSynchronizedRootGroup;
			exceptions = (
				CBA37FA82D7F6A3000069B49 /* Exceptions for "hw15" folder in "hw15" target */,
			);
			path = hw15;
			sourceTree = "<group>";
		};
		CBA37F992D7F6A3000069B49 /* hw15Tests */ = {
			isa = PBXFileSystemSynchronizedRootGroup;
			path = hw15Tests;
			sourceTree = "<group>";
		};
		CBA37FA32D7F6A3000069B49 /* hw15UITests */ = {
			isa = PBXFileSystemSynchronizedRootGroup;
			path = hw15UITests;
			sourceTree = "<group>";
		};
/* End PBXFileSystemSynchronizedRootGroup section */

/* Begin PBXFrameworksBuildPhase section */
		CBA37F7D2D7F6A2F00069B49 /* Frameworks */ = {
			isa = PBXFrameworksBuildPhase;
			buildActionMask = 2147483647;
			files = (
			);
			runOnlyForDeploymentPostprocessing = 0;
		};
		CBA37F932D7F6A3000069B49 /* Frameworks */ = {
			isa = PBXFrameworksBuildPhase;
			buildActionMask = 2147483647;
			files = (
			);
			runOnlyForDeploymentPostprocessing = 0;
		};
		CBA37F9D2D7F6A3000069B49 /* Frameworks */ = {
			isa = PBXFrameworksBuildPhase;
			buildActionMask = 2147483647;
			files = (
			);
			runOnlyForDeploymentPostprocessing = 0;
		};
/* End PBXFrameworksBuildPhase section */

/* Begin PBXGroup section */
		CBA37F772D7F6A2F00069B49 = {
			isa = PBXGroup;
			children = (
				CBA37F822D7F6A2F00069B49 /* hw15 */,
				CBA37F992D7F6A3000069B49 /* hw15Tests */,
				CBA37FA32D7F6A3000069B49 /* hw15UITests */,
				CBA37F812D7F6A2F00069B49 /* Products */,
			);
			sourceTree = "<group>";
		};
		CBA37F812D7F6A2F00069B49 /* Products */ = {
			isa = PBXGroup;
			children = (
				CBA37F802D7F6A2F00069B49 /* hw15.app */,
				CBA37F962D7F6A3000069B49 /* hw15Tests.xctest */,
				CBA37FA02D7F6A3000069B49 /* hw15UITests.xctest */,
			);
			name = Products;
			sourceTree = "<group>";
		};
/* End PBXGroup section */

/* Begin PBXNativeTarget section */
		CBA37F7F2D7F6A2F00069B49 /* hw15 */ = {
			isa = PBXNativeTarget;
			buildConfigurationList = CBA37FA92D7F6A3000069B49 /* Build configuration list for PBXNativeTarget "hw15" */;
			buildPhases = (
				CBA37F7C2D7F6A2F00069B49 /* Sources */,
				CBA37F7D2D7F6A2F00069B49 /* Frameworks */,
				CBA37F7E2D7F6A2F00069B49 /* Resources */,
			);
			buildRules = (
			);
			dependencies = (
			);
			fileSystemSynchronizedGroups = (
				CBA37F822D7F6A2F00069B49 /* hw15 */,
			);
			name = hw15;
			packageProductDependencies = (
			);
			productName = hw15;
			productReference = CBA37F802D7F6A2F00069B49 /* hw15.app */;
			productType = "com.apple.product-type.application";
		};
		CBA37F952D7F6A3000069B49 /* hw15Tests */ = {
			isa = PBXNativeTarget;
			buildConfigurationList = CBA37FAE2D7F6A3000069B49 /* Build configuration list for PBXNativeTarget "hw15Tests" */;
			buildPhases = (
				CBA37F922D7F6A3000069B49 /* Sources */,
				CBA37F932D7F6A3000069B49 /* Frameworks */,
				CBA37F942D7F6A3000069B49 /* Resources */,
			);
			buildRules = (
			);
			dependencies = (
				CBA37F982D7F6A3000069B49 /* PBXTargetDependency */,
			);
			fileSystemSynchronizedGroups = (
				CBA37F992D7F6A3000069B49 /* hw15Tests */,
			);
			name = hw15Tests;
			packageProductDependencies = (
			);
			productName = hw15Tests;
			productReference = CBA37F962D7F6A3000069B49 /* hw15Tests.xctest */;
			productType = "com.apple.product-type.bundle.unit-test";
		};
		CBA37F9F2D7F6A3000069B49 /* hw15UITests */ = {
			isa = PBXNativeTarget;
			buildConfigurationList = CBA37FB12D7F6A3000069B49 /* Build configuration list for PBXNativeTarget "hw15UITests" */;
			buildPhases = (
				CBA37F9C2D7F6A3000069B49 /* Sources */,
				CBA37F9D2D7F6A3000069B49 /* Frameworks */,
				CBA37F9E2D7F6A3000069B49 /* Resources */,
			);
			buildRules = (
			);
			dependencies = (
				CBA37FA22D7F6A3000069B49 /* PBXTargetDependency */,
			);
			fileSystemSynchronizedGroups = (
				CBA37FA32D7F6A3000069B49 /* hw15UITests */,
			);
			name = hw15UITests;
			packageProductDependencies = (
			);
			productName = hw15UITests;
			productReference = CBA37FA02D7F6A3000069B49 /* hw15UITests.xctest */;
			productType = "com.apple.product-type.bundle.ui-testing";
		};
/* End PBXNativeTarget section */

/* Begin PBXProject section */
		CBA37F782D7F6A2F00069B49 /* Project object */ = {
			isa = PBXProject;
			attributes = {
				BuildIndependentTargetsInParallel = 1;
				LastSwiftUpdateCheck = 1620;
				LastUpgradeCheck = 1620;
				TargetAttributes = {
					CBA37F7F2D7F6A2F00069B49 = {
						CreatedOnToolsVersion = 16.2;
					};
					CBA37F952D7F6A3000069B49 = {
						CreatedOnToolsVersion = 16.2;
						TestTargetID = CBA37F7F2D7F6A2F00069B49;
					};
					CBA37F9F2D7F6A3000069B49 = {
						CreatedOnToolsVersion = 16.2;
						TestTargetID = CBA37F7F2D7F6A2F00069B49;
					};
				};
			};
			buildConfigurationList = CBA37F7B2D7F6A2F00069B49 /* Build configuration list for PBXProject "hw15" */;
			developmentRegion = en;
			hasScannedForEncodings = 0;
			knownRegions = (
				en,
				Base,
			);
			mainGroup = CBA37F772D7F6A2F00069B49;
			minimizedProjectReferenceProxies = 1;
			preferredProjectObjectVersion = 77;
			productRefGroup = CBA37F812D7F6A2F00069B49 /* Products */;
			projectDirPath = "";
			projectRoot = "";
			targets = (
				CBA37F7F2D7F6A2F00069B49 /* hw15 */,
				CBA37F952D7F6A3000069B49 /* hw15Tests */,
				CBA37F9F2D7F6A3000069B49 /* hw15UITests */,
			);
		};
/* End PBXProject section */

/* Begin PBXResourcesBuildPhase section */
		CBA37F7E2D7F6A2F00069B49 /* Resources */ = {
			isa = PBXResourcesBuildPhase;
			buildActionMask = 2147483647;
			files = (
			);
			runOnlyForDeploymentPostprocessing = 0;
		};
		CBA37F942D7F6A3000069B49 /* Resources */ = {
			isa = PBXResourcesBuildPhase;
			buildActionMask = 2147483647;
			files = (
			);
			runOnlyForDeploymentPostprocessing = 0;
		};
		CBA37F9E2D7F6A3000069B49 /* Resources */ = {
			isa = PBXResourcesBuildPhase;
			buildActionMask = 2147483647;
			files = (
			);
			runOnlyForDeploymentPostprocessing = 0;
		};
/* End PBXResourcesBuildPhase section */

/* Begin PBXSourcesBuildPhase section */
		CBA37F7C2D7F6A2F00069B49 /* Sources */ = {
			isa = PBXSourcesBuildPhase;
			buildActionMask = 2147483647;
			files = (
			);
			runOnlyForDeploymentPostprocessing = 0;
		};
		CBA37F922D7F6A3000069B49 /* Sources */ = {
			isa = PBXSourcesBuildPhase;
			buildActionMask = 2147483647;
			files = (
			);
			runOnlyForDeploymentPostprocessing = 0;
		};
		CBA37F9C2D7F6A3000069B49 /* Sources */ = {
			isa = PBXSourcesBuildPhase;
			buildActionMask = 2147483647;
			files = (
			);
			runOnlyForDeploymentPostprocessing = 0;
		};
/* End PBXSourcesBuildPhase section */

/* Begin PBXTargetDependency section */
		CBA37F982D7F6A3000069B49 /* PBXTargetDependency */ = {
			isa = PBXTargetDependency;
			target = CBA37F7F2D7F6A2F00069B49 /* hw15 */;
			targetProxy = CBA37F972D7F6A3000069B49 /* PBXContainerItemProxy */;
		};
		CBA37FA22D7F6A3000069B49 /* PBXTargetDependency */ = {
			isa = PBXTargetDependency;
			target = CBA37F7F2D7F6A2F00069B49 /* hw15 */;
			targetProxy = CBA37FA12D7F6A3000069B49 /* PBXContainerItemProxy */;
		};
/* End PBXTargetDependency section */

/* Begin XCBuildConfiguration section */
		CBA37FAA2D7F6A3000069B49 /* Debug */ = {
			isa = XCBuildConfiguration;
			buildSettings = {
				ASSETCATALOG_COMPILER_APPICON_NAME = AppIcon;
				ASSETCATALOG_COMPILER_GLOBAL_ACCENT_COLOR_NAME = AccentColor;
				CODE_SIGN_STYLE = Automatic;
				CURRENT_PROJECT_VERSION = 1;
				GENERATE_INFOPLIST_FILE = YES;
				INFOPLIST_FILE = hw15/Info.plist;
				INFOPLIST_KEY_UIApplicationSupportsIndirectInputEvents = YES;
				INFOPLIST_KEY_UILaunchStoryboardName = LaunchScreen;
				INFOPLIST_KEY_UIMainStoryboardFile = Main;
				INFOPLIST_KEY_UISupportedInterfaceOrientations_iPad = "UIInterfaceOrientationPortrait UIInterfaceOrientationPortraitUpsideDown UIInterfaceOrientationLandscapeLeft UIInterfaceOrientationLandscapeRight";
				INFOPLIST_KEY_UISupportedInterfaceOrientations_iPhone = "UIInterfaceOrientationPortrait UIInterfaceOrientationLandscapeLeft UIInterfaceOrientationLandscapeRight";
				LD_RUNPATH_SEARCH_PATHS = (
					"$(inherited)",
					"@executable_path/Frameworks",
				);
				MARKETING_VERSION = 1.0;
				PRODUCT_BUNDLE_IDENTIFIER = nur.aldy.otus.hw15;
				PRODUCT_NAME = "$(TARGET_NAME)";
				SWIFT_EMIT_LOC_STRINGS = YES;
				SWIFT_VERSION = 5.0;
				TARGETED_DEVICE_FAMILY = "1,2";
			};
			name = Debug;
		};
		CBA37FAB2D7F6A3000069B49 /* Release */ = {
			isa = XCBuildConfiguration;
			buildSettings = {
				ASSETCATALOG_COMPILER_APPICON_NAME = AppIcon;
				ASSETCATALOG_COMPILER_GLOBAL_ACCENT_COLOR_NAME = AccentColor;
				CODE_SIGN_STYLE = Automatic;
				CURRENT_PROJECT_VERSION = 1;
				GENERATE_INFOPLIST_FILE = YES;
				INFOPLIST_FILE = hw15/Info.plist;
				INFOPLIST_KEY_UIApplicationSupportsIndirectInputEvents = YES;
				INFOPLIST_KEY_UILaunchStoryboardName = LaunchScreen;
				INFOPLIST_KEY_UIMainStoryboardFile = Main;
				INFOPLIST_KEY_UISupportedInterfaceOrientations_iPad = "UIInterfaceOrientationPortrait UIInterfaceOrientationPortraitUpsideDown UIInterfaceOrientationLandscapeLeft UIInterfaceOrientationLandscapeRight";
				INFOPLIST_KEY_UISupportedInterfaceOrientations_iPhone = "UIInterfaceOrientationPortrait UIInterfaceOrientationLandscapeLeft UIInterfaceOrientationLandscapeRight";
				LD_RUNPATH_SEARCH_PATHS = (
					"$(inherited)",
					"@executable_path/Frameworks",
				);
				MARKETING_VERSION = 1.0;
				PRODUCT_BUNDLE_IDENTIFIER = nur.aldy.otus.hw15;
				PRODUCT_NAME = "$(TARGET_NAME)";
				SWIFT_EMIT_LOC_STRINGS = YES;
				SWIFT_VERSION = 5.0;
				TARGETED_DEVICE_FAMILY = "1,2";
			};
			name = Release;
		};
		CBA37FAC2D7F6A3000069B49 /* Debug */ = {
			isa = XCBuildConfiguration;
			buildSettings = {
				ALWAYS_SEARCH_USER_PATHS = NO;
				ASSETCATALOG_COMPILER_GENERATE_SWIFT_ASSET_SYMBOL_EXTENSIONS = YES;
				CLANG_ANALYZER_NONNULL = YES;
				CLANG_ANALYZER_NUMBER_OBJECT_CONVERSION = YES_AGGRESSIVE;
				CLANG_CXX_LANGUAGE_STANDARD = "gnu++20";
				CLANG_ENABLE_MODULES = YES;
				CLANG_ENABLE_OBJC_ARC = YES;
				CLANG_ENABLE_OBJC_WEAK = YES;
				CLANG_WARN_BLOCK_CAPTURE_AUTORELEASING = YES;
				CLANG_WARN_BOOL_CONVERSION = YES;
				CLANG_WARN_COMMA = YES;
				CLANG_WARN_CONSTANT_CONVERSION = YES;
				CLANG_WARN_DEPRECATED_OBJC_IMPLEMENTATIONS = YES;
				CLANG_WARN_DIRECT_OBJC_ISA_USAGE = YES_ERROR;
				CLANG_WARN_DOCUMENTATION_COMMENTS = YES;
				CLANG_WARN_EMPTY_BODY = YES;
				CLANG_WARN_ENUM_CONVERSION = YES;
				CLANG_WARN_INFINITE_RECURSION = YES;
				CLANG_WARN_INT_CONVERSION = YES;
				CLANG_WARN_NON_LITERAL_NULL_CONVERSION = YES;
				CLANG_WARN_OBJC_IMPLICIT_RETAIN_SELF = YES;
				CLANG_WARN_OBJC_LITERAL_CONVERSION = YES;
				CLANG_WARN_OBJC_ROOT_CLASS = YES_ERROR;
				CLANG_WARN_QUOTED_INCLUDE_IN_FRAMEWORK_HEADER = YES;
				CLANG_WARN_RANGE_LOOP_ANALYSIS = YES;
				CLANG_WARN_STRICT_PROTOTYPES = YES;
				CLANG_WARN_SUSPICIOUS_MOVE = YES;
				CLANG_WARN_UNGUARDED_AVAILABILITY = YES_AGGRESSIVE;
				CLANG_WARN_UNREACHABLE_CODE = YES;
				CLANG_WARN__DUPLICATE_METHOD_MATCH = YES;
				COPY_PHASE_STRIP = NO;
				DEBUG_INFORMATION_FORMAT = dwarf;
				ENABLE_STRICT_OBJC_MSGSEND = YES;
				ENABLE_TESTABILITY = YES;
				ENABLE_USER_SCRIPT_SANDBOXING = YES;
				GCC_C_LANGUAGE_STANDARD = gnu17;
				GCC_DYNAMIC_NO_PIC = NO;
				GCC_NO_COMMON_BLOCKS = YES;
				GCC_OPTIMIZATION_LEVEL = 0;
				GCC_PREPROCESSOR_DEFINITIONS = (
					"DEBUG=1",
					"$(inherited)",
				);
				GCC_WARN_64_TO_32_BIT_CONVERSION = YES;
				GCC_WARN_ABOUT_RETURN_TYPE = YES_ERROR;
				GCC_WARN_UNDECLARED_SELECTOR = YES;
				GCC_WARN_UNINITIALIZED_AUTOS = YES_AGGRESSIVE;
				GCC_WARN_UNUSED_FUNCTION = YES;
				GCC_WARN_UNUSED_VARIABLE = YES;
				IPHONEOS_DEPLOYMENT_TARGET = 18.2;
				LOCALIZATION_PREFERS_STRING_CATALOGS = YES;
				MTL_ENABLE_DEBUG_INFO = INCLUDE_SOURCE;
				MTL_FAST_MATH = YES;
				ONLY_ACTIVE_ARCH = YES;
				SDKROOT = iphoneos;
				SWIFT_ACTIVE_COMPILATION_CONDITIONS = "DEBUG $(inherited)";
				SWIFT_OPTIMIZATION_LEVEL = "-Onone";
			};
			name = Debug;
		};
		CBA37FAD2D7F6A3000069B49 /* Release */ = {
			isa = XCBuildConfiguration;
			buildSettings = {
				ALWAYS_SEARCH_USER_PATHS = NO;
				ASSETCATALOG_COMPILER_GENERATE_SWIFT_ASSET_SYMBOL_EXTENSIONS = YES;
				CLANG_ANALYZER_NONNULL = YES;
				CLANG_ANALYZER_NUMBER_OBJECT_CONVERSION = YES_AGGRESSIVE;
				CLANG_CXX_LANGUAGE_STANDARD = "gnu++20";
				CLANG_ENABLE_MODULES = YES;
				CLANG_ENABLE_OBJC_ARC = YES;
				CLANG_ENABLE_OBJC_WEAK = YES;
				CLANG_WARN_BLOCK_CAPTURE_AUTORELEASING = YES;
				CLANG_WARN_BOOL_CONVERSION = YES;
				CLANG_WARN_COMMA = YES;
				CLANG_WARN_CONSTANT_CONVERSION = YES;
				CLANG_WARN_DEPRECATED_OBJC_IMPLEMENTATIONS = YES;
				CLANG_WARN_DIRECT_OBJC_ISA_USAGE = YES_ERROR;
				CLANG_WARN_DOCUMENTATION_COMMENTS = YES;
				CLANG_WARN_EMPTY_BODY = YES;
				CLANG_WARN_ENUM_CONVERSION = YES;
				CLANG_WARN_INFINITE_RECURSION = YES;
				CLANG_WARN_INT_CONVERSION = YES;
				CLANG_WARN_NON_LITERAL_NULL_CONVERSION = YES;
				CLANG_WARN_OBJC_IMPLICIT_RETAIN_SELF = YES;
				CLANG_WARN_OBJC_LITERAL_CONVERSION = YES;
				CLANG_WARN_OBJC_ROOT_CLASS = YES_ERROR;
				CLANG_WARN_QUOTED_INCLUDE_IN_FRAMEWORK_HEADER = YES;
				CLANG_WARN_RANGE_LOOP_ANALYSIS = YES;
				CLANG_WARN_STRICT_PROTOTYPES = YES;
				CLANG_WARN_SUSPICIOUS_MOVE = YES;
				CLANG_WARN_UNGUARDED_AVAILABILITY = YES_AGGRESSIVE;
				CLANG_WARN_UNREACHABLE_CODE = YES;
				CLANG_WARN__DUPLICATE_METHOD_MATCH = YES;
				COPY_PHASE_STRIP = NO;
				DEBUG_INFORMATION_FORMAT = "dwarf-with-dsym";
				ENABLE_NS_ASSERTIONS = NO;
				ENABLE_STRICT_OBJC_MSGSEND = YES;
				ENABLE_USER_SCRIPT_SANDBOXING = YES;
				GCC_C_LANGUAGE_STANDARD = gnu17;
				GCC_NO_COMMON_BLOCKS = YES;
				GCC_WARN_64_TO_32_BIT_CONVERSION = YES;
				GCC_WARN_ABOUT_RETURN_TYPE = YES_ERROR;
				GCC_WARN_UNDECLARED_SELECTOR = YES;
				GCC_WARN_UNINITIALIZED_AUTOS = YES_AGGRESSIVE;
				GCC_WARN_UNUSED_FUNCTION = YES;
				GCC_WARN_UNUSED_VARIABLE = YES;
				IPHONEOS_DEPLOYMENT_TARGET = 18.2;
				LOCALIZATION_PREFERS_STRING_CATALOGS = YES;
				MTL_ENABLE_DEBUG_INFO = NO;
				MTL_FAST_MATH = YES;
				SDKROOT = iphoneos;
				SWIFT_COMPILATION_MODE = wholemodule;
				VALIDATE_PRODUCT = YES;
			};
			name = Release;
		};
		CBA37FAF2D7F6A3000069B49 /* Debug */ = {
			isa = XCBuildConfiguration;
			buildSettings = {
				BUNDLE_LOADER = "$(TEST_HOST)";
				CODE_SIGN_STYLE = Automatic;
				CURRENT_PROJECT_VERSION = 1;
				GENERATE_INFOPLIST_FILE = YES;
				IPHONEOS_DEPLOYMENT_TARGET = 18.2;
				MARKETING_VERSION = 1.0;
				PRODUCT_BUNDLE_IDENTIFIER = nur.aldy.otus.hw15Tests;
				PRODUCT_NAME = "$(TARGET_NAME)";
				SWIFT_EMIT_LOC_STRINGS = NO;
				SWIFT_VERSION = 5.0;
				TARGETED_DEVICE_FAMILY = "1,2";
				TEST_HOST = "$(BUILT_PRODUCTS_DIR)/hw15.app/$(BUNDLE_EXECUTABLE_FOLDER_PATH)/hw15";
			};
			name = Debug;
		};
		CBA37FB02D7F6A3000069B49 /* Release */ = {
			isa = XCBuildConfiguration;
			buildSettings = {
				BUNDLE_LOADER = "$(TEST_HOST)";
				CODE_SIGN_STYLE = Automatic;
				CURRENT_PROJECT_VERSION = 1;
				GENERATE_INFOPLIST_FILE = YES;
				IPHONEOS_DEPLOYMENT_TARGET = 18.2;
				MARKETING_VERSION = 1.0;
				PRODUCT_BUNDLE_IDENTIFIER = nur.aldy.otus.hw15Tests;
				PRODUCT_NAME = "$(TARGET_NAME)";
				SWIFT_EMIT_LOC_STRINGS = NO;
				SWIFT_VERSION = 5.0;
				TARGETED_DEVICE_FAMILY = "1,2";
				TEST_HOST = "$(BUILT_PRODUCTS_DIR)/hw15.app/$(BUNDLE_EXECUTABLE_FOLDER_PATH)/hw15";
			};
			name = Release;
		};
		CBA37FB22D7F6A3000069B49 /* Debug */ = {
			isa = XCBuildConfiguration;
			buildSettings = {
				CODE_SIGN_STYLE = Automatic;
				CURRENT_PROJECT_VERSION = 1;
				GENERATE_INFOPLIST_FILE = YES;
				MARKETING_VERSION = 1.0;
				PRODUCT_BUNDLE_IDENTIFIER = nur.aldy.otus.hw15UITests;
				PRODUCT_NAME = "$(TARGET_NAME)";
				SWIFT_EMIT_LOC_STRINGS = NO;
				SWIFT_VERSION = 5.0;
				TARGETED_DEVICE_FAMILY = "1,2";
				TEST_TARGET_NAME = hw15;
			};
			name = Debug;
		};
		CBA37FB32D7F6A3000069B49 /* Release */ = {
			isa = XCBuildConfiguration;
			buildSettings = {
				CODE_SIGN_STYLE = Automatic;
				CURRENT_PROJECT_VERSION = 1;
				GENERATE_INFOPLIST_FILE = YES;
				MARKETING_VERSION = 1.0;
				PRODUCT_BUNDLE_IDENTIFIER = nur.aldy.otus.hw15UITests;
				PRODUCT_NAME = "$(TARGET_NAME)";
				SWIFT_EMIT_LOC_STRINGS = NO;
				SWIFT_VERSION = 5.0;
				TARGETED_DEVICE_FAMILY = "1,2";
				TEST_TARGET_NAME = hw15;
			};
			name = Release;
		};
/* End XCBuildConfiguration section */

/* Begin XCConfigurationList section */
		CBA37F7B2D7F6A2F00069B49 /* Build configuration list for PBXProject "hw15" */ = {
			isa = XCConfigurationList;
			buildConfigurations = (
				CBA37FAC2D7F6A3000069B49 /* Debug */,
				CBA37FAD2D7F6A3000069B49 /* Release */,
			);
			defaultConfigurationIsVisible = 0;
			defaultConfigurationName = Release;
		};
		CBA37FA92D7F6A3000069B49 /* Build configuration list for PBXNativeTarget "hw15" */ = {
			isa = XCConfigurationList;
			buildConfigurations = (
				CBA37FAA2D7F6A3000069B49 /* Debug */,
				CBA37FAB2D7F6A3000069B49 /* Release */,
			);
			defaultConfigurationIsVisible = 0;
			defaultConfigurationName = Release;
		};
		CBA37FAE2D7F6A3000069B49 /* Build configuration list for PBXNativeTarget "hw15Tests" */ = {
			isa = XCConfigurationList;
			buildConfigurations = (
				CBA37FAF2D7F6A3000069B49 /* Debug */,
				CBA37FB02D7F6A3000069B49 /* Release */,
			);
			defaultConfigurationIsVisible = 0;
			defaultConfigurationName = Release;
		};
		CBA37FB12D7F6A3000069B49 /* Build configuration list for PBXNativeTarget "hw15UITests" */ = {
			isa = XCConfigurationList;
			buildConfigurations = (
				CBA37FB22D7F6A3000069B49 /* Debug */,
				CBA37FB32D7F6A3000069B49 /* Release */,
			);
			defaultConfigurationIsVisible = 0;
			defaultConfigurationName = Release;
		};
/* End XCConfigurationList section */
	};
	rootObject = CBA37F782D7F6A2F00069B49 /* Project object */;
}
