// !$*UTF8*$!
{
	archiveVersion = 1;
	classes = {
	};
	objectVersion = 77;
	objects = {

/* Begin PBXContainerItemProxy section */
		CB1EF6682D86143F003BE1C4 /* PBXContainerItemProxy */ = {
			isa = PBXContainerItemProxy;
			containerPortal = CB1EF6492D86143D003BE1C4 /* Project object */;
			proxyType = 1;
			remoteGlobalIDString = CB1EF6502D86143D003BE1C4;
			remoteInfo = QuranReader;
		};
		CB1EF6722D86143F003BE1C4 /* PBXContainerItemProxy */ = {
			isa = PBXContainerItemProxy;
			containerPortal = CB1EF6492D86143D003BE1C4 /* Project object */;
			proxyType = 1;
			remoteGlobalIDString = CB1EF6502D86143D003BE1C4;
			remoteInfo = QuranReader;
		};
/* End PBXContainerItemProxy section */

/* Begin PBXFileReference section */
		CB1EF6512D86143D003BE1C4 /* QuranReader.app */ = {isa = PBXFileReference; explicitFileType = wrapper.application; includeInIndex = 0; path = QuranReader.app; sourceTree = BUILT_PRODUCTS_DIR; };
		CB1EF6672D86143F003BE1C4 /* QuranReaderTests.xctest */ = {isa = PBXFileReference; explicitFileType = wrapper.cfbundle; includeInIndex = 0; path = QuranReaderTests.xctest; sourceTree = BUILT_PRODUCTS_DIR; };
		CB1EF6712D86143F003BE1C4 /* QuranReaderUITests.xctest */ = {isa = PBXFileReference; explicitFileType = wrapper.cfbundle; includeInIndex = 0; path = QuranReaderUITests.xctest; sourceTree = BUILT_PRODUCTS_DIR; };
/* End PBXFileReference section */

/* Begin PBXFileSystemSynchronizedBuildFileExceptionSet section */
		CB1EF6792D86143F003BE1C4 /* Exceptions for "QuranReader" folder in "QuranReader" target */ = {
			isa = PBXFileSystemSynchronizedBuildFileExceptionSet;
			membershipExceptions = (
				Info.plist,
			);
			target = CB1EF6502D86143D003BE1C4 /* QuranReader */;
		};
/* End PBXFileSystemSynchronizedBuildFileExceptionSet section */

/* Begin PBXFileSystemSynchronizedRootGroup section */
		CB1EF6532D86143D003BE1C4 /* QuranReader */ = {
			isa = PBXFileSystemSynchronizedRootGroup;
			exceptions = (
				CB1EF6792D86143F003BE1C4 /* Exceptions for "QuranReader" folder in "QuranReader" target */,
			);
			path = QuranReader;
			sourceTree = "<group>";
		};
		CB1EF66A2D86143F003BE1C4 /* QuranReaderTests */ = {
			isa = PBXFileSystemSynchronizedRootGroup;
			path = QuranReaderTests;
			sourceTree = "<group>";
		};
		CB1EF6742D86143F003BE1C4 /* QuranReaderUITests */ = {
			isa = PBXFileSystemSynchronizedRootGroup;
			path = QuranReaderUITests;
			sourceTree = "<group>";
		};
/* End PBXFileSystemSynchronizedRootGroup section */

/* Begin PBXFrameworksBuildPhase section */
		CB1EF64E2D86143D003BE1C4 /* Frameworks */ = {
			isa = PBXFrameworksBuildPhase;
			buildActionMask = 2147483647;
			files = (
			);
			runOnlyForDeploymentPostprocessing = 0;
		};
		CB1EF6642D86143F003BE1C4 /* Frameworks */ = {
			isa = PBXFrameworksBuildPhase;
			buildActionMask = 2147483647;
			files = (
			);
			runOnlyForDeploymentPostprocessing = 0;
		};
		CB1EF66E2D86143F003BE1C4 /* Frameworks */ = {
			isa = PBXFrameworksBuildPhase;
			buildActionMask = 2147483647;
			files = (
			);
			runOnlyForDeploymentPostprocessing = 0;
		};
/* End PBXFrameworksBuildPhase section */

/* Begin PBXGroup section */
		CB1EF6482D86143D003BE1C4 = {
			isa = PBXGroup;
			children = (
				CB1EF6532D86143D003BE1C4 /* QuranReader */,
				CB1EF66A2D86143F003BE1C4 /* QuranReaderTests */,
				CB1EF6742D86143F003BE1C4 /* QuranReaderUITests */,
				CB1EF6522D86143D003BE1C4 /* Products */,
			);
			sourceTree = "<group>";
		};
		CB1EF6522D86143D003BE1C4 /* Products */ = {
			isa = PBXGroup;
			children = (
				CB1EF6512D86143D003BE1C4 /* QuranReader.app */,
				CB1EF6672D86143F003BE1C4 /* QuranReaderTests.xctest */,
				CB1EF6712D86143F003BE1C4 /* QuranReaderUITests.xctest */,
			);
			name = Products;
			sourceTree = "<group>";
		};
/* End PBXGroup section */

/* Begin PBXNativeTarget section */
		CB1EF6502D86143D003BE1C4 /* QuranReader */ = {
			isa = PBXNativeTarget;
			buildConfigurationList = CB1EF67A2D86143F003BE1C4 /* Build configuration list for PBXNativeTarget "QuranReader" */;
			buildPhases = (
				CB1EF64D2D86143D003BE1C4 /* Sources */,
				CB1EF64E2D86143D003BE1C4 /* Frameworks */,
				CB1EF64F2D86143D003BE1C4 /* Resources */,
			);
			buildRules = (
			);
			dependencies = (
			);
			fileSystemSynchronizedGroups = (
				CB1EF6532D86143D003BE1C4 /* QuranReader */,
			);
			name = QuranReader;
			packageProductDependencies = (
			);
			productName = QuranReader;
			productReference = CB1EF6512D86143D003BE1C4 /* QuranReader.app */;
			productType = "com.apple.product-type.application";
		};
		CB1EF6662D86143F003BE1C4 /* QuranReaderTests */ = {
			isa = PBXNativeTarget;
			buildConfigurationList = CB1EF67F2D86143F003BE1C4 /* Build configuration list for PBXNativeTarget "QuranReaderTests" */;
			buildPhases = (
				CB1EF6632D86143F003BE1C4 /* Sources */,
				CB1EF6642D86143F003BE1C4 /* Frameworks */,
				CB1EF6652D86143F003BE1C4 /* Resources */,
			);
			buildRules = (
			);
			dependencies = (
				CB1EF6692D86143F003BE1C4 /* PBXTargetDependency */,
			);
			fileSystemSynchronizedGroups = (
				CB1EF66A2D86143F003BE1C4 /* QuranReaderTests */,
			);
			name = QuranReaderTests;
			packageProductDependencies = (
			);
			productName = QuranReaderTests;
			productReference = CB1EF6672D86143F003BE1C4 /* QuranReaderTests.xctest */;
			productType = "com.apple.product-type.bundle.unit-test";
		};
		CB1EF6702D86143F003BE1C4 /* QuranReaderUITests */ = {
			isa = PBXNativeTarget;
			buildConfigurationList = CB1EF6822D86143F003BE1C4 /* Build configuration list for PBXNativeTarget "QuranReaderUITests" */;
			buildPhases = (
				CB1EF66D2D86143F003BE1C4 /* Sources */,
				CB1EF66E2D86143F003BE1C4 /* Frameworks */,
				CB1EF66F2D86143F003BE1C4 /* Resources */,
			);
			buildRules = (
			);
			dependencies = (
				CB1EF6732D86143F003BE1C4 /* PBXTargetDependency */,
			);
			fileSystemSynchronizedGroups = (
				CB1EF6742D86143F003BE1C4 /* QuranReaderUITests */,
			);
			name = QuranReaderUITests;
			packageProductDependencies = (
			);
			productName = QuranReaderUITests;
			productReference = CB1EF6712D86143F003BE1C4 /* QuranReaderUITests.xctest */;
			productType = "com.apple.product-type.bundle.ui-testing";
		};
/* End PBXNativeTarget section */

/* Begin PBXProject section */
		CB1EF6492D86143D003BE1C4 /* Project object */ = {
			isa = PBXProject;
			attributes = {
				BuildIndependentTargetsInParallel = 1;
				LastSwiftUpdateCheck = 1620;
				LastUpgradeCheck = 1620;
				TargetAttributes = {
					CB1EF6502D86143D003BE1C4 = {
						CreatedOnToolsVersion = 16.2;
					};
					CB1EF6662D86143F003BE1C4 = {
						CreatedOnToolsVersion = 16.2;
						TestTargetID = CB1EF6502D86143D003BE1C4;
					};
					CB1EF6702D86143F003BE1C4 = {
						CreatedOnToolsVersion = 16.2;
						TestTargetID = CB1EF6502D86143D003BE1C4;
					};
				};
			};
			buildConfigurationList = CB1EF64C2D86143D003BE1C4 /* Build configuration list for PBXProject "QuranReader" */;
			developmentRegion = en;
			hasScannedForEncodings = 0;
			knownRegions = (
				en,
				Base,
			);
			mainGroup = CB1EF6482D86143D003BE1C4;
			minimizedProjectReferenceProxies = 1;
			preferredProjectObjectVersion = 77;
			productRefGroup = CB1EF6522D86143D003BE1C4 /* Products */;
			projectDirPath = "";
			projectRoot = "";
			targets = (
				CB1EF6502D86143D003BE1C4 /* QuranReader */,
				CB1EF6662D86143F003BE1C4 /* QuranReaderTests */,
				CB1EF6702D86143F003BE1C4 /* QuranReaderUITests */,
			);
		};
/* End PBXProject section */

/* Begin PBXResourcesBuildPhase section */
		CB1EF64F2D86143D003BE1C4 /* Resources */ = {
			isa = PBXResourcesBuildPhase;
			buildActionMask = 2147483647;
			files = (
			);
			runOnlyForDeploymentPostprocessing = 0;
		};
		CB1EF6652D86143F003BE1C4 /* Resources */ = {
			isa = PBXResourcesBuildPhase;
			buildActionMask = 2147483647;
			files = (
			);
			runOnlyForDeploymentPostprocessing = 0;
		};
		CB1EF66F2D86143F003BE1C4 /* Resources */ = {
			isa = PBXResourcesBuildPhase;
			buildActionMask = 2147483647;
			files = (
			);
			runOnlyForDeploymentPostprocessing = 0;
		};
/* End PBXResourcesBuildPhase section */

/* Begin PBXSourcesBuildPhase section */
		CB1EF64D2D86143D003BE1C4 /* Sources */ = {
			isa = PBXSourcesBuildPhase;
			buildActionMask = 2147483647;
			files = (
			);
			runOnlyForDeploymentPostprocessing = 0;
		};
		CB1EF6632D86143F003BE1C4 /* Sources */ = {
			isa = PBXSourcesBuildPhase;
			buildActionMask = 2147483647;
			files = (
			);
			runOnlyForDeploymentPostprocessing = 0;
		};
		CB1EF66D2D86143F003BE1C4 /* Sources */ = {
			isa = PBXSourcesBuildPhase;
			buildActionMask = 2147483647;
			files = (
			);
			runOnlyForDeploymentPostprocessing = 0;
		};
/* End PBXSourcesBuildPhase section */

/* Begin PBXTargetDependency section */
		CB1EF6692D86143F003BE1C4 /* PBXTargetDependency */ = {
			isa = PBXTargetDependency;
			target = CB1EF6502D86143D003BE1C4 /* QuranReader */;
			targetProxy = CB1EF6682D86143F003BE1C4 /* PBXContainerItemProxy */;
		};
		CB1EF6732D86143F003BE1C4 /* PBXTargetDependency */ = {
			isa = PBXTargetDependency;
			target = CB1EF6502D86143D003BE1C4 /* QuranReader */;
			targetProxy = CB1EF6722D86143F003BE1C4 /* PBXContainerItemProxy */;
		};
/* End PBXTargetDependency section */

/* Begin XCBuildConfiguration section */
		CB1EF67B2D86143F003BE1C4 /* Debug */ = {
			isa = XCBuildConfiguration;
			buildSettings = {
				ASSETCATALOG_COMPILER_APPICON_NAME = AppIcon;
				ASSETCATALOG_COMPILER_GLOBAL_ACCENT_COLOR_NAME = AccentColor;
				CODE_SIGN_STYLE = Automatic;
				CURRENT_PROJECT_VERSION = 1;
				GENERATE_INFOPLIST_FILE = YES;
				INFOPLIST_FILE = QuranReader/Info.plist;
				INFOPLIST_KEY_UIApplicationSupportsIndirectInputEvents = YES;
				INFOPLIST_KEY_UILaunchStoryboardName = LaunchScreen;
				INFOPLIST_KEY_UIMainStoryboardFile = Main;
				INFOPLIST_KEY_UISupportedInterfaceOrientations_iPad = "UIInterfaceOrientationPortrait UIInterfaceOrientationPortraitUpsideDown UIInterfaceOrientationLandscapeLeft UIInterfaceOrientationLandscapeRight";
				INFOPLIST_KEY_UISupportedInterfaceOrientations_iPhone = "UIInterfaceOrientationPortrait UIInterfaceOrientationLandscapeLeft UIInterfaceOrientationLandscapeRight";
				LD_RUNPATH_SEARCH_PATHS = (
					"$(inherited)",
					"@executable_path/Frameworks",
				);
				MARKETING_VERSION = 1.0;
				PRODUCT_BUNDLE_IDENTIFIER = nur.aldy.otus.net.QuranReader;
				PRODUCT_NAME = "$(TARGET_NAME)";
				SWIFT_EMIT_LOC_STRINGS = YES;
				SWIFT_VERSION = 5.0;
				TARGETED_DEVICE_FAMILY = "1,2";
			};
			name = Debug;
		};
		CB1EF67C2D86143F003BE1C4 /* Release */ = {
			isa = XCBuildConfiguration;
			buildSettings = {
				ASSETCATALOG_COMPILER_APPICON_NAME = AppIcon;
				ASSETCATALOG_COMPILER_GLOBAL_ACCENT_COLOR_NAME = AccentColor;
				CODE_SIGN_STYLE = Automatic;
				CURRENT_PROJECT_VERSION = 1;
				GENERATE_INFOPLIST_FILE = YES;
				INFOPLIST_FILE = QuranReader/Info.plist;
				INFOPLIST_KEY_UIApplicationSupportsIndirectInputEvents = YES;
				INFOPLIST_KEY_UILaunchStoryboardName = LaunchScreen;
				INFOPLIST_KEY_UIMainStoryboardFile = Main;
				INFOPLIST_KEY_UISupportedInterfaceOrientations_iPad = "UIInterfaceOrientationPortrait UIInterfaceOrientationPortraitUpsideDown UIInterfaceOrientationLandscapeLeft UIInterfaceOrientationLandscapeRight";
				INFOPLIST_KEY_UISupportedInterfaceOrientations_iPhone = "UIInterfaceOrientationPortrait UIInterfaceOrientationLandscapeLeft UIInterfaceOrientationLandscapeRight";
				LD_RUNPATH_SEARCH_PATHS = (
					"$(inherited)",
					"@executable_path/Frameworks",
				);
				MARKETING_VERSION = 1.0;
				PRODUCT_BUNDLE_IDENTIFIER = nur.aldy.otus.net.QuranReader;
				PRODUCT_NAME = "$(TARGET_NAME)";
				SWIFT_EMIT_LOC_STRINGS = YES;
				SWIFT_VERSION = 5.0;
				TARGETED_DEVICE_FAMILY = "1,2";
			};
			name = Release;
		};
		CB1EF67D2D86143F003BE1C4 /* Debug */ = {
			isa = XCBuildConfiguration;
			buildSettings = {
				ALWAYS_SEARCH_USER_PATHS = NO;
				ASSETCATALOG_COMPILER_GENERATE_SWIFT_ASSET_SYMBOL_EXTENSIONS = YES;
				CLANG_ANALYZER_NONNULL = YES;
				CLANG_ANALYZER_NUMBER_OBJECT_CONVERSION = YES_AGGRESSIVE;
				CLANG_CXX_LANGUAGE_STANDARD = "gnu++20";
				CLANG_ENABLE_MODULES = YES;
				CLANG_ENABLE_OBJC_ARC = YES;
				CLANG_ENABLE_OBJC_WEAK = YES;
				CLANG_WARN_BLOCK_CAPTURE_AUTORELEASING = YES;
				CLANG_WARN_BOOL_CONVERSION = YES;
				CLANG_WARN_COMMA = YES;
				CLANG_WARN_CONSTANT_CONVERSION = YES;
				CLANG_WARN_DEPRECATED_OBJC_IMPLEMENTATIONS = YES;
				CLANG_WARN_DIRECT_OBJC_ISA_USAGE = YES_ERROR;
				CLANG_WARN_DOCUMENTATION_COMMENTS = YES;
				CLANG_WARN_EMPTY_BODY = YES;
				CLANG_WARN_ENUM_CONVERSION = YES;
				CLANG_WARN_INFINITE_RECURSION = YES;
				CLANG_WARN_INT_CONVERSION = YES;
				CLANG_WARN_NON_LITERAL_NULL_CONVERSION = YES;
				CLANG_WARN_OBJC_IMPLICIT_RETAIN_SELF = YES;
				CLANG_WARN_OBJC_LITERAL_CONVERSION = YES;
				CLANG_WARN_OBJC_ROOT_CLASS = YES_ERROR;
				CLANG_WARN_QUOTED_INCLUDE_IN_FRAMEWORK_HEADER = YES;
				CLANG_WARN_RANGE_LOOP_ANALYSIS = YES;
				CLANG_WARN_STRICT_PROTOTYPES = YES;
				CLANG_WARN_SUSPICIOUS_MOVE = YES;
				CLANG_WARN_UNGUARDED_AVAILABILITY = YES_AGGRESSIVE;
				CLANG_WARN_UNREACHABLE_CODE = YES;
				CLANG_WARN__DUPLICATE_METHOD_MATCH = YES;
				COPY_PHASE_STRIP = NO;
				DEBUG_INFORMATION_FORMAT = dwarf;
				ENABLE_STRICT_OBJC_MSGSEND = YES;
				ENABLE_TESTABILITY = YES;
				ENABLE_USER_SCRIPT_SANDBOXING = YES;
				GCC_C_LANGUAGE_STANDARD = gnu17;
				GCC_DYNAMIC_NO_PIC = NO;
				GCC_NO_COMMON_BLOCKS = YES;
				GCC_OPTIMIZATION_LEVEL = 0;
				GCC_PREPROCESSOR_DEFINITIONS = (
					"DEBUG=1",
					"$(inherited)",
				);
				GCC_WARN_64_TO_32_BIT_CONVERSION = YES;
				GCC_WARN_ABOUT_RETURN_TYPE = YES_ERROR;
				GCC_WARN_UNDECLARED_SELECTOR = YES;
				GCC_WARN_UNINITIALIZED_AUTOS = YES_AGGRESSIVE;
				GCC_WARN_UNUSED_FUNCTION = YES;
				GCC_WARN_UNUSED_VARIABLE = YES;
				IPHONEOS_DEPLOYMENT_TARGET = 18.2;
				LOCALIZATION_PREFERS_STRING_CATALOGS = YES;
				MTL_ENABLE_DEBUG_INFO = INCLUDE_SOURCE;
				MTL_FAST_MATH = YES;
				ONLY_ACTIVE_ARCH = YES;
				SDKROOT = iphoneos;
				SWIFT_ACTIVE_COMPILATION_CONDITIONS = "DEBUG $(inherited)";
				SWIFT_OPTIMIZATION_LEVEL = "-Onone";
			};
			name = Debug;
		};
		CB1EF67E2D86143F003BE1C4 /* Release */ = {
			isa = XCBuildConfiguration;
			buildSettings = {
				ALWAYS_SEARCH_USER_PATHS = NO;
				ASSETCATALOG_COMPILER_GENERATE_SWIFT_ASSET_SYMBOL_EXTENSIONS = YES;
				CLANG_ANALYZER_NONNULL = YES;
				CLANG_ANALYZER_NUMBER_OBJECT_CONVERSION = YES_AGGRESSIVE;
				CLANG_CXX_LANGUAGE_STANDARD = "gnu++20";
				CLANG_ENABLE_MODULES = YES;
				CLANG_ENABLE_OBJC_ARC = YES;
				CLANG_ENABLE_OBJC_WEAK = YES;
				CLANG_WARN_BLOCK_CAPTURE_AUTORELEASING = YES;
				CLANG_WARN_BOOL_CONVERSION = YES;
				CLANG_WARN_COMMA = YES;
				CLANG_WARN_CONSTANT_CONVERSION = YES;
				CLANG_WARN_DEPRECATED_OBJC_IMPLEMENTATIONS = YES;
				CLANG_WARN_DIRECT_OBJC_ISA_USAGE = YES_ERROR;
				CLANG_WARN_DOCUMENTATION_COMMENTS = YES;
				CLANG_WARN_EMPTY_BODY = YES;
				CLANG_WARN_ENUM_CONVERSION = YES;
				CLANG_WARN_INFINITE_RECURSION = YES;
				CLANG_WARN_INT_CONVERSION = YES;
				CLANG_WARN_NON_LITERAL_NULL_CONVERSION = YES;
				CLANG_WARN_OBJC_IMPLICIT_RETAIN_SELF = YES;
				CLANG_WARN_OBJC_LITERAL_CONVERSION = YES;
				CLANG_WARN_OBJC_ROOT_CLASS = YES_ERROR;
				CLANG_WARN_QUOTED_INCLUDE_IN_FRAMEWORK_HEADER = YES;
				CLANG_WARN_RANGE_LOOP_ANALYSIS = YES;
				CLANG_WARN_STRICT_PROTOTYPES = YES;
				CLANG_WARN_SUSPICIOUS_MOVE = YES;
				CLANG_WARN_UNGUARDED_AVAILABILITY = YES_AGGRESSIVE;
				CLANG_WARN_UNREACHABLE_CODE = YES;
				CLANG_WARN__DUPLICATE_METHOD_MATCH = YES;
				COPY_PHASE_STRIP = NO;
				DEBUG_INFORMATION_FORMAT = "dwarf-with-dsym";
				ENABLE_NS_ASSERTIONS = NO;
				ENABLE_STRICT_OBJC_MSGSEND = YES;
				ENABLE_USER_SCRIPT_SANDBOXING = YES;
				GCC_C_LANGUAGE_STANDARD = gnu17;
				GCC_NO_COMMON_BLOCKS = YES;
				GCC_WARN_64_TO_32_BIT_CONVERSION = YES;
				GCC_WARN_ABOUT_RETURN_TYPE = YES_ERROR;
				GCC_WARN_UNDECLARED_SELECTOR = YES;
				GCC_WARN_UNINITIALIZED_AUTOS = YES_AGGRESSIVE;
				GCC_WARN_UNUSED_FUNCTION = YES;
				GCC_WARN_UNUSED_VARIABLE = YES;
				IPHONEOS_DEPLOYMENT_TARGET = 18.2;
				LOCALIZATION_PREFERS_STRING_CATALOGS = YES;
				MTL_ENABLE_DEBUG_INFO = NO;
				MTL_FAST_MATH = YES;
				SDKROOT = iphoneos;
				SWIFT_COMPILATION_MODE = wholemodule;
				VALIDATE_PRODUCT = YES;
			};
			name = Release;
		};
		CB1EF6802D86143F003BE1C4 /* Debug */ = {
			isa = XCBuildConfiguration;
			buildSettings = {
				BUNDLE_LOADER = "$(TEST_HOST)";
				CODE_SIGN_STYLE = Automatic;
				CURRENT_PROJECT_VERSION = 1;
				GENERATE_INFOPLIST_FILE = YES;
				IPHONEOS_DEPLOYMENT_TARGET = 18.2;
				MARKETING_VERSION = 1.0;
				PRODUCT_BUNDLE_IDENTIFIER = nur.aldy.otus.net.QuranReaderTests;
				PRODUCT_NAME = "$(TARGET_NAME)";
				SWIFT_EMIT_LOC_STRINGS = NO;
				SWIFT_VERSION = 5.0;
				TARGETED_DEVICE_FAMILY = "1,2";
				TEST_HOST = "$(BUILT_PRODUCTS_DIR)/QuranReader.app/$(BUNDLE_EXECUTABLE_FOLDER_PATH)/QuranReader";
			};
			name = Debug;
		};
		CB1EF6812D86143F003BE1C4 /* Release */ = {
			isa = XCBuildConfiguration;
			buildSettings = {
				BUNDLE_LOADER = "$(TEST_HOST)";
				CODE_SIGN_STYLE = Automatic;
				CURRENT_PROJECT_VERSION = 1;
				GENERATE_INFOPLIST_FILE = YES;
				IPHONEOS_DEPLOYMENT_TARGET = 18.2;
				MARKETING_VERSION = 1.0;
				PRODUCT_BUNDLE_IDENTIFIER = nur.aldy.otus.net.QuranReaderTests;
				PRODUCT_NAME = "$(TARGET_NAME)";
				SWIFT_EMIT_LOC_STRINGS = NO;
				SWIFT_VERSION = 5.0;
				TARGETED_DEVICE_FAMILY = "1,2";
				TEST_HOST = "$(BUILT_PRODUCTS_DIR)/QuranReader.app/$(BUNDLE_EXECUTABLE_FOLDER_PATH)/QuranReader";
			};
			name = Release;
		};
		CB1EF6832D86143F003BE1C4 /* Debug */ = {
			isa = XCBuildConfiguration;
			buildSettings = {
				CODE_SIGN_STYLE = Automatic;
				CURRENT_PROJECT_VERSION = 1;
				GENERATE_INFOPLIST_FILE = YES;
				MARKETING_VERSION = 1.0;
				PRODUCT_BUNDLE_IDENTIFIER = nur.aldy.otus.net.QuranReaderUITests;
				PRODUCT_NAME = "$(TARGET_NAME)";
				SWIFT_EMIT_LOC_STRINGS = NO;
				SWIFT_VERSION = 5.0;
				TARGETED_DEVICE_FAMILY = "1,2";
				TEST_TARGET_NAME = QuranReader;
			};
			name = Debug;
		};
		CB1EF6842D86143F003BE1C4 /* Release */ = {
			isa = XCBuildConfiguration;
			buildSettings = {
				CODE_SIGN_STYLE = Automatic;
				CURRENT_PROJECT_VERSION = 1;
				GENERATE_INFOPLIST_FILE = YES;
				MARKETING_VERSION = 1.0;
				PRODUCT_BUNDLE_IDENTIFIER = nur.aldy.otus.net.QuranReaderUITests;
				PRODUCT_NAME = "$(TARGET_NAME)";
				SWIFT_EMIT_LOC_STRINGS = NO;
				SWIFT_VERSION = 5.0;
				TARGETED_DEVICE_FAMILY = "1,2";
				TEST_TARGET_NAME = QuranReader;
			};
			name = Release;
		};
/* End XCBuildConfiguration section */

/* Begin XCConfigurationList section */
		CB1EF64C2D86143D003BE1C4 /* Build configuration list for PBXProject "QuranReader" */ = {
			isa = XCConfigurationList;
			buildConfigurations = (
				CB1EF67D2D86143F003BE1C4 /* Debug */,
				CB1EF67E2D86143F003BE1C4 /* Release */,
			);
			defaultConfigurationIsVisible = 0;
			defaultConfigurationName = Release;
		};
		CB1EF67A2D86143F003BE1C4 /* Build configuration list for PBXNativeTarget "QuranReader" */ = {
			isa = XCConfigurationList;
			buildConfigurations = (
				CB1EF67B2D86143F003BE1C4 /* Debug */,
				CB1EF67C2D86143F003BE1C4 /* Release */,
			);
			defaultConfigurationIsVisible = 0;
			defaultConfigurationName = Release;
		};
		CB1EF67F2D86143F003BE1C4 /* Build configuration list for PBXNativeTarget "QuranReaderTests" */ = {
			isa = XCConfigurationList;
			buildConfigurations = (
				CB1EF6802D86143F003BE1C4 /* Debug */,
				CB1EF6812D86143F003BE1C4 /* Release */,
			);
			defaultConfigurationIsVisible = 0;
			defaultConfigurationName = Release;
		};
		CB1EF6822D86143F003BE1C4 /* Build configuration list for PBXNativeTarget "QuranReaderUITests" */ = {
			isa = XCConfigurationList;
			buildConfigurations = (
				CB1EF6832D86143F003BE1C4 /* Debug */,
				CB1EF6842D86143F003BE1C4 /* Release */,
			);
			defaultConfigurationIsVisible = 0;
			defaultConfigurationName = Release;
		};
/* End XCConfigurationList section */
	};
	rootObject = CB1EF6492D86143D003BE1C4 /* Project object */;
}
