// !$*UTF8*$!
{
	archiveVersion = 1;
	classes = {
	};
	objectVersion = 77;
	objects = {

/* Begin PBXContainerItemProxy section */
		CB6C3ED22D055BBC00C25556 /* PBXContainerItemProxy */ = {
			isa = PBXContainerItemProxy;
			containerPortal = CB6C3EB32D055BBB00C25556 /* Project object */;
			proxyType = 1;
			remoteGlobalIDString = CB6C3EBA2D055BBB00C25556;
			remoteInfo = hw9;
		};
		CB6C3EDC2D055BBC00C25556 /* PBXContainerItemProxy */ = {
			isa = PBXContainerItemProxy;
			containerPortal = CB6C3EB32D055BBB00C25556 /* Project object */;
			proxyType = 1;
			remoteGlobalIDString = CB6C3EBA2D055BBB00C25556;
			remoteInfo = hw9;
		};
/* End PBXContainerItemProxy section */

/* Begin PBXFileReference section */
		CB6C3EBB2D055BBB00C25556 /* hw9.app */ = {isa = PBXFileReference; explicitFileType = wrapper.application; includeInIndex = 0; path = hw9.app; sourceTree = BUILT_PRODUCTS_DIR; };
		CB6C3ED12D055BBC00C25556 /* hw9Tests.xctest */ = {isa = PBXFileReference; explicitFileType = wrapper.cfbundle; includeInIndex = 0; path = hw9Tests.xctest; sourceTree = BUILT_PRODUCTS_DIR; };
		CB6C3EDB2D055BBC00C25556 /* hw9UITests.xctest */ = {isa = PBXFileReference; explicitFileType = wrapper.cfbundle; includeInIndex = 0; path = hw9UITests.xctest; sourceTree = BUILT_PRODUCTS_DIR; };
/* End PBXFileReference section */

/* Begin PBXFileSystemSynchronizedBuildFileExceptionSet section */
		CB6C3EE32D055BBC00C25556 /* Exceptions for "hw9" folder in "hw9" target */ = {
			isa = PBXFileSystemSynchronizedBuildFileExceptionSet;
			membershipExceptions = (
				Info.plist,
			);
			target = CB6C3EBA2D055BBB00C25556 /* hw9 */;
		};
/* End PBXFileSystemSynchronizedBuildFileExceptionSet section */

/* Begin PBXFileSystemSynchronizedRootGroup section */
		CB6C3EBD2D055BBB00C25556 /* hw9 */ = {
			isa = PBXFileSystemSynchronizedRootGroup;
			exceptions = (
				CB6C3EE32D055BBC00C25556 /* Exceptions for "hw9" folder in "hw9" target */,
			);
			path = hw9;
			sourceTree = "<group>";
		};
		CB6C3ED42D055BBC00C25556 /* hw9Tests */ = {
			isa = PBXFileSystemSynchronizedRootGroup;
			path = hw9Tests;
			sourceTree = "<group>";
		};
		CB6C3EDE2D055BBC00C25556 /* hw9UITests */ = {
			isa = PBXFileSystemSynchronizedRootGroup;
			path = hw9UITests;
			sourceTree = "<group>";
		};
/* End PBXFileSystemSynchronizedRootGroup section */

/* Begin PBXFrameworksBuildPhase section */
		CB6C3EB82D055BBB00C25556 /* Frameworks */ = {
			isa = PBXFrameworksBuildPhase;
			buildActionMask = 2147483647;
			files = (
			);
			runOnlyForDeploymentPostprocessing = 0;
		};
		CB6C3ECE2D055BBC00C25556 /* Frameworks */ = {
			isa = PBXFrameworksBuildPhase;
			buildActionMask = 2147483647;
			files = (
			);
			runOnlyForDeploymentPostprocessing = 0;
		};
		CB6C3ED82D055BBC00C25556 /* Frameworks */ = {
			isa = PBXFrameworksBuildPhase;
			buildActionMask = 2147483647;
			files = (
			);
			runOnlyForDeploymentPostprocessing = 0;
		};
/* End PBXFrameworksBuildPhase section */

/* Begin PBXGroup section */
		CB6C3EB22D055BBB00C25556 = {
			isa = PBXGroup;
			children = (
				CB6C3EBD2D055BBB00C25556 /* hw9 */,
				CB6C3ED42D055BBC00C25556 /* hw9Tests */,
				CB6C3EDE2D055BBC00C25556 /* hw9UITests */,
				CB6C3EBC2D055BBB00C25556 /* Products */,
			);
			sourceTree = "<group>";
		};
		CB6C3EBC2D055BBB00C25556 /* Products */ = {
			isa = PBXGroup;
			children = (
				CB6C3EBB2D055BBB00C25556 /* hw9.app */,
				CB6C3ED12D055BBC00C25556 /* hw9Tests.xctest */,
				CB6C3EDB2D055BBC00C25556 /* hw9UITests.xctest */,
			);
			name = Products;
			sourceTree = "<group>";
		};
/* End PBXGroup section */

/* Begin PBXNativeTarget section */
		CB6C3EBA2D055BBB00C25556 /* hw9 */ = {
			isa = PBXNativeTarget;
			buildConfigurationList = CB6C3EE42D055BBC00C25556 /* Build configuration list for PBXNativeTarget "hw9" */;
			buildPhases = (
				CB6C3EB72D055BBB00C25556 /* Sources */,
				CB6C3EB82D055BBB00C25556 /* Frameworks */,
				CB6C3EB92D055BBB00C25556 /* Resources */,
			);
			buildRules = (
			);
			dependencies = (
			);
			fileSystemSynchronizedGroups = (
				CB6C3EBD2D055BBB00C25556 /* hw9 */,
			);
			name = hw9;
			packageProductDependencies = (
			);
			productName = hw9;
			productReference = CB6C3EBB2D055BBB00C25556 /* hw9.app */;
			productType = "com.apple.product-type.application";
		};
		CB6C3ED02D055BBC00C25556 /* hw9Tests */ = {
			isa = PBXNativeTarget;
			buildConfigurationList = CB6C3EE92D055BBC00C25556 /* Build configuration list for PBXNativeTarget "hw9Tests" */;
			buildPhases = (
				CB6C3ECD2D055BBC00C25556 /* Sources */,
				CB6C3ECE2D055BBC00C25556 /* Frameworks */,
				CB6C3ECF2D055BBC00C25556 /* Resources */,
			);
			buildRules = (
			);
			dependencies = (
				CB6C3ED32D055BBC00C25556 /* PBXTargetDependency */,
			);
			fileSystemSynchronizedGroups = (
				CB6C3ED42D055BBC00C25556 /* hw9Tests */,
			);
			name = hw9Tests;
			packageProductDependencies = (
			);
			productName = hw9Tests;
			productReference = CB6C3ED12D055BBC00C25556 /* hw9Tests.xctest */;
			productType = "com.apple.product-type.bundle.unit-test";
		};
		CB6C3EDA2D055BBC00C25556 /* hw9UITests */ = {
			isa = PBXNativeTarget;
			buildConfigurationList = CB6C3EEC2D055BBC00C25556 /* Build configuration list for PBXNativeTarget "hw9UITests" */;
			buildPhases = (
				CB6C3ED72D055BBC00C25556 /* Sources */,
				CB6C3ED82D055BBC00C25556 /* Frameworks */,
				CB6C3ED92D055BBC00C25556 /* Resources */,
			);
			buildRules = (
			);
			dependencies = (
				CB6C3EDD2D055BBC00C25556 /* PBXTargetDependency */,
			);
			fileSystemSynchronizedGroups = (
				CB6C3EDE2D055BBC00C25556 /* hw9UITests */,
			);
			name = hw9UITests;
			packageProductDependencies = (
			);
			productName = hw9UITests;
			productReference = CB6C3EDB2D055BBC00C25556 /* hw9UITests.xctest */;
			productType = "com.apple.product-type.bundle.ui-testing";
		};
/* End PBXNativeTarget section */

/* Begin PBXProject section */
		CB6C3EB32D055BBB00C25556 /* Project object */ = {
			isa = PBXProject;
			attributes = {
				BuildIndependentTargetsInParallel = 1;
				LastSwiftUpdateCheck = 1610;
				LastUpgradeCheck = 1610;
				TargetAttributes = {
					CB6C3EBA2D055BBB00C25556 = {
						CreatedOnToolsVersion = 16.1;
					};
					CB6C3ED02D055BBC00C25556 = {
						CreatedOnToolsVersion = 16.1;
						TestTargetID = CB6C3EBA2D055BBB00C25556;
					};
					CB6C3EDA2D055BBC00C25556 = {
						CreatedOnToolsVersion = 16.1;
						TestTargetID = CB6C3EBA2D055BBB00C25556;
					};
				};
			};
			buildConfigurationList = CB6C3EB62D055BBB00C25556 /* Build configuration list for PBXProject "hw9" */;
			developmentRegion = en;
			hasScannedForEncodings = 0;
			knownRegions = (
				en,
				Base,
			);
			mainGroup = CB6C3EB22D055BBB00C25556;
			minimizedProjectReferenceProxies = 1;
			preferredProjectObjectVersion = 77;
			productRefGroup = CB6C3EBC2D055BBB00C25556 /* Products */;
			projectDirPath = "";
			projectRoot = "";
			targets = (
				CB6C3EBA2D055BBB00C25556 /* hw9 */,
				CB6C3ED02D055BBC00C25556 /* hw9Tests */,
				CB6C3EDA2D055BBC00C25556 /* hw9UITests */,
			);
		};
/* End PBXProject section */

/* Begin PBXResourcesBuildPhase section */
		CB6C3EB92D055BBB00C25556 /* Resources */ = {
			isa = PBXResourcesBuildPhase;
			buildActionMask = 2147483647;
			files = (
			);
			runOnlyForDeploymentPostprocessing = 0;
		};
		CB6C3ECF2D055BBC00C25556 /* Resources */ = {
			isa = PBXResourcesBuildPhase;
			buildActionMask = 2147483647;
			files = (
			);
			runOnlyForDeploymentPostprocessing = 0;
		};
		CB6C3ED92D055BBC00C25556 /* Resources */ = {
			isa = PBXResourcesBuildPhase;
			buildActionMask = 2147483647;
			files = (
			);
			runOnlyForDeploymentPostprocessing = 0;
		};
/* End PBXResourcesBuildPhase section */

/* Begin PBXSourcesBuildPhase section */
		CB6C3EB72D055BBB00C25556 /* Sources */ = {
			isa = PBXSourcesBuildPhase;
			buildActionMask = 2147483647;
			files = (
			);
			runOnlyForDeploymentPostprocessing = 0;
		};
		CB6C3ECD2D055BBC00C25556 /* Sources */ = {
			isa = PBXSourcesBuildPhase;
			buildActionMask = 2147483647;
			files = (
			);
			runOnlyForDeploymentPostprocessing = 0;
		};
		CB6C3ED72D055BBC00C25556 /* Sources */ = {
			isa = PBXSourcesBuildPhase;
			buildActionMask = 2147483647;
			files = (
			);
			runOnlyForDeploymentPostprocessing = 0;
		};
/* End PBXSourcesBuildPhase section */

/* Begin PBXTargetDependency section */
		CB6C3ED32D055BBC00C25556 /* PBXTargetDependency */ = {
			isa = PBXTargetDependency;
			target = CB6C3EBA2D055BBB00C25556 /* hw9 */;
			targetProxy = CB6C3ED22D055BBC00C25556 /* PBXContainerItemProxy */;
		};
		CB6C3EDD2D055BBC00C25556 /* PBXTargetDependency */ = {
			isa = PBXTargetDependency;
			target = CB6C3EBA2D055BBB00C25556 /* hw9 */;
			targetProxy = CB6C3EDC2D055BBC00C25556 /* PBXContainerItemProxy */;
		};
/* End PBXTargetDependency section */

/* Begin XCBuildConfiguration section */
		CB6C3EE52D055BBC00C25556 /* Debug */ = {
			isa = XCBuildConfiguration;
			buildSettings = {
				ASSETCATALOG_COMPILER_APPICON_NAME = AppIcon;
				ASSETCATALOG_COMPILER_GLOBAL_ACCENT_COLOR_NAME = AccentColor;
				CODE_SIGN_STYLE = Automatic;
				CURRENT_PROJECT_VERSION = 1;
				GENERATE_INFOPLIST_FILE = YES;
				INFOPLIST_FILE = hw9/Info.plist;
				INFOPLIST_KEY_UIApplicationSupportsIndirectInputEvents = YES;
				INFOPLIST_KEY_UILaunchStoryboardName = LaunchScreen;
				INFOPLIST_KEY_UIMainStoryboardFile = Main;
				INFOPLIST_KEY_UISupportedInterfaceOrientations_iPad = "UIInterfaceOrientationPortrait UIInterfaceOrientationPortraitUpsideDown UIInterfaceOrientationLandscapeLeft UIInterfaceOrientationLandscapeRight";
				INFOPLIST_KEY_UISupportedInterfaceOrientations_iPhone = "UIInterfaceOrientationPortrait UIInterfaceOrientationLandscapeLeft UIInterfaceOrientationLandscapeRight";
				IPHONEOS_DEPLOYMENT_TARGET = 16.6;
				LD_RUNPATH_SEARCH_PATHS = (
					"$(inherited)",
					"@executable_path/Frameworks",
				);
				MARKETING_VERSION = 1.0;
				PRODUCT_BUNDLE_IDENTIFIER = nur.aldy.otus.hw9;
				PRODUCT_NAME = "$(TARGET_NAME)";
				SWIFT_EMIT_LOC_STRINGS = YES;
				SWIFT_VERSION = 5.0;
				TARGETED_DEVICE_FAMILY = "1,2";
			};
			name = Debug;
		};
		CB6C3EE62D055BBC00C25556 /* Release */ = {
			isa = XCBuildConfiguration;
			buildSettings = {
				ASSETCATALOG_COMPILER_APPICON_NAME = AppIcon;
				ASSETCATALOG_COMPILER_GLOBAL_ACCENT_COLOR_NAME = AccentColor;
				CODE_SIGN_STYLE = Automatic;
				CURRENT_PROJECT_VERSION = 1;
				GENERATE_INFOPLIST_FILE = YES;
				INFOPLIST_FILE = hw9/Info.plist;
				INFOPLIST_KEY_UIApplicationSupportsIndirectInputEvents = YES;
				INFOPLIST_KEY_UILaunchStoryboardName = LaunchScreen;
				INFOPLIST_KEY_UIMainStoryboardFile = Main;
				INFOPLIST_KEY_UISupportedInterfaceOrientations_iPad = "UIInterfaceOrientationPortrait UIInterfaceOrientationPortraitUpsideDown UIInterfaceOrientationLandscapeLeft UIInterfaceOrientationLandscapeRight";
				INFOPLIST_KEY_UISupportedInterfaceOrientations_iPhone = "UIInterfaceOrientationPortrait UIInterfaceOrientationLandscapeLeft UIInterfaceOrientationLandscapeRight";
				IPHONEOS_DEPLOYMENT_TARGET = 16.6;
				LD_RUNPATH_SEARCH_PATHS = (
					"$(inherited)",
					"@executable_path/Frameworks",
				);
				MARKETING_VERSION = 1.0;
				PRODUCT_BUNDLE_IDENTIFIER = nur.aldy.otus.hw9;
				PRODUCT_NAME = "$(TARGET_NAME)";
				SWIFT_EMIT_LOC_STRINGS = YES;
				SWIFT_VERSION = 5.0;
				TARGETED_DEVICE_FAMILY = "1,2";
			};
			name = Release;
		};
		CB6C3EE72D055BBC00C25556 /* Debug */ = {
			isa = XCBuildConfiguration;
			buildSettings = {
				ALWAYS_SEARCH_USER_PATHS = NO;
				ASSETCATALOG_COMPILER_GENERATE_SWIFT_ASSET_SYMBOL_EXTENSIONS = YES;
				CLANG_ANALYZER_NONNULL = YES;
				CLANG_ANALYZER_NUMBER_OBJECT_CONVERSION = YES_AGGRESSIVE;
				CLANG_CXX_LANGUAGE_STANDARD = "gnu++20";
				CLANG_ENABLE_MODULES = YES;
				CLANG_ENABLE_OBJC_ARC = YES;
				CLANG_ENABLE_OBJC_WEAK = YES;
				CLANG_WARN_BLOCK_CAPTURE_AUTORELEASING = YES;
				CLANG_WARN_BOOL_CONVERSION = YES;
				CLANG_WARN_COMMA = YES;
				CLANG_WARN_CONSTANT_CONVERSION = YES;
				CLANG_WARN_DEPRECATED_OBJC_IMPLEMENTATIONS = YES;
				CLANG_WARN_DIRECT_OBJC_ISA_USAGE = YES_ERROR;
				CLANG_WARN_DOCUMENTATION_COMMENTS = YES;
				CLANG_WARN_EMPTY_BODY = YES;
				CLANG_WARN_ENUM_CONVERSION = YES;
				CLANG_WARN_INFINITE_RECURSION = YES;
				CLANG_WARN_INT_CONVERSION = YES;
				CLANG_WARN_NON_LITERAL_NULL_CONVERSION = YES;
				CLANG_WARN_OBJC_IMPLICIT_RETAIN_SELF = YES;
				CLANG_WARN_OBJC_LITERAL_CONVERSION = YES;
				CLANG_WARN_OBJC_ROOT_CLASS = YES_ERROR;
				CLANG_WARN_QUOTED_INCLUDE_IN_FRAMEWORK_HEADER = YES;
				CLANG_WARN_RANGE_LOOP_ANALYSIS = YES;
				CLANG_WARN_STRICT_PROTOTYPES = YES;
				CLANG_WARN_SUSPICIOUS_MOVE = YES;
				CLANG_WARN_UNGUARDED_AVAILABILITY = YES_AGGRESSIVE;
				CLANG_WARN_UNREACHABLE_CODE = YES;
				CLANG_WARN__DUPLICATE_METHOD_MATCH = YES;
				COPY_PHASE_STRIP = NO;
				DEBUG_INFORMATION_FORMAT = dwarf;
				ENABLE_STRICT_OBJC_MSGSEND = YES;
				ENABLE_TESTABILITY = YES;
				ENABLE_USER_SCRIPT_SANDBOXING = YES;
				GCC_C_LANGUAGE_STANDARD = gnu17;
				GCC_DYNAMIC_NO_PIC = NO;
				GCC_NO_COMMON_BLOCKS = YES;
				GCC_OPTIMIZATION_LEVEL = 0;
				GCC_PREPROCESSOR_DEFINITIONS = (
					"DEBUG=1",
					"$(inherited)",
				);
				GCC_WARN_64_TO_32_BIT_CONVERSION = YES;
				GCC_WARN_ABOUT_RETURN_TYPE = YES_ERROR;
				GCC_WARN_UNDECLARED_SELECTOR = YES;
				GCC_WARN_UNINITIALIZED_AUTOS = YES_AGGRESSIVE;
				GCC_WARN_UNUSED_FUNCTION = YES;
				GCC_WARN_UNUSED_VARIABLE = YES;
				IPHONEOS_DEPLOYMENT_TARGET = 18.1;
				LOCALIZATION_PREFERS_STRING_CATALOGS = YES;
				MTL_ENABLE_DEBUG_INFO = INCLUDE_SOURCE;
				MTL_FAST_MATH = YES;
				ONLY_ACTIVE_ARCH = YES;
				SDKROOT = iphoneos;
				SWIFT_ACTIVE_COMPILATION_CONDITIONS = "DEBUG $(inherited)";
				SWIFT_OPTIMIZATION_LEVEL = "-Onone";
			};
			name = Debug;
		};
		CB6C3EE82D055BBC00C25556 /* Release */ = {
			isa = XCBuildConfiguration;
			buildSettings = {
				ALWAYS_SEARCH_USER_PATHS = NO;
				ASSETCATALOG_COMPILER_GENERATE_SWIFT_ASSET_SYMBOL_EXTENSIONS = YES;
				CLANG_ANALYZER_NONNULL = YES;
				CLANG_ANALYZER_NUMBER_OBJECT_CONVERSION = YES_AGGRESSIVE;
				CLANG_CXX_LANGUAGE_STANDARD = "gnu++20";
				CLANG_ENABLE_MODULES = YES;
				CLANG_ENABLE_OBJC_ARC = YES;
				CLANG_ENABLE_OBJC_WEAK = YES;
				CLANG_WARN_BLOCK_CAPTURE_AUTORELEASING = YES;
				CLANG_WARN_BOOL_CONVERSION = YES;
				CLANG_WARN_COMMA = YES;
				CLANG_WARN_CONSTANT_CONVERSION = YES;
				CLANG_WARN_DEPRECATED_OBJC_IMPLEMENTATIONS = YES;
				CLANG_WARN_DIRECT_OBJC_ISA_USAGE = YES_ERROR;
				CLANG_WARN_DOCUMENTATION_COMMENTS = YES;
				CLANG_WARN_EMPTY_BODY = YES;
				CLANG_WARN_ENUM_CONVERSION = YES;
				CLANG_WARN_INFINITE_RECURSION = YES;
				CLANG_WARN_INT_CONVERSION = YES;
				CLANG_WARN_NON_LITERAL_NULL_CONVERSION = YES;
				CLANG_WARN_OBJC_IMPLICIT_RETAIN_SELF = YES;
				CLANG_WARN_OBJC_LITERAL_CONVERSION = YES;
				CLANG_WARN_OBJC_ROOT_CLASS = YES_ERROR;
				CLANG_WARN_QUOTED_INCLUDE_IN_FRAMEWORK_HEADER = YES;
				CLANG_WARN_RANGE_LOOP_ANALYSIS = YES;
				CLANG_WARN_STRICT_PROTOTYPES = YES;
				CLANG_WARN_SUSPICIOUS_MOVE = YES;
				CLANG_WARN_UNGUARDED_AVAILABILITY = YES_AGGRESSIVE;
				CLANG_WARN_UNREACHABLE_CODE = YES;
				CLANG_WARN__DUPLICATE_METHOD_MATCH = YES;
				COPY_PHASE_STRIP = NO;
				DEBUG_INFORMATION_FORMAT = "dwarf-with-dsym";
				ENABLE_NS_ASSERTIONS = NO;
				ENABLE_STRICT_OBJC_MSGSEND = YES;
				ENABLE_USER_SCRIPT_SANDBOXING = YES;
				GCC_C_LANGUAGE_STANDARD = gnu17;
				GCC_NO_COMMON_BLOCKS = YES;
				GCC_WARN_64_TO_32_BIT_CONVERSION = YES;
				GCC_WARN_ABOUT_RETURN_TYPE = YES_ERROR;
				GCC_WARN_UNDECLARED_SELECTOR = YES;
				GCC_WARN_UNINITIALIZED_AUTOS = YES_AGGRESSIVE;
				GCC_WARN_UNUSED_FUNCTION = YES;
				GCC_WARN_UNUSED_VARIABLE = YES;
				IPHONEOS_DEPLOYMENT_TARGET = 18.1;
				LOCALIZATION_PREFERS_STRING_CATALOGS = YES;
				MTL_ENABLE_DEBUG_INFO = NO;
				MTL_FAST_MATH = YES;
				SDKROOT = iphoneos;
				SWIFT_COMPILATION_MODE = wholemodule;
				VALIDATE_PRODUCT = YES;
			};
			name = Release;
		};
		CB6C3EEA2D055BBC00C25556 /* Debug */ = {
			isa = XCBuildConfiguration;
			buildSettings = {
				BUNDLE_LOADER = "$(TEST_HOST)";
				CODE_SIGN_STYLE = Automatic;
				CURRENT_PROJECT_VERSION = 1;
				GENERATE_INFOPLIST_FILE = YES;
				IPHONEOS_DEPLOYMENT_TARGET = 18.1;
				MARKETING_VERSION = 1.0;
				PRODUCT_BUNDLE_IDENTIFIER = nur.aldy.otus.hw9Tests;
				PRODUCT_NAME = "$(TARGET_NAME)";
				SWIFT_EMIT_LOC_STRINGS = NO;
				SWIFT_VERSION = 5.0;
				TARGETED_DEVICE_FAMILY = "1,2";
				TEST_HOST = "$(BUILT_PRODUCTS_DIR)/hw9.app/$(BUNDLE_EXECUTABLE_FOLDER_PATH)/hw9";
			};
			name = Debug;
		};
		CB6C3EEB2D055BBC00C25556 /* Release */ = {
			isa = XCBuildConfiguration;
			buildSettings = {
				BUNDLE_LOADER = "$(TEST_HOST)";
				CODE_SIGN_STYLE = Automatic;
				CURRENT_PROJECT_VERSION = 1;
				GENERATE_INFOPLIST_FILE = YES;
				IPHONEOS_DEPLOYMENT_TARGET = 18.1;
				MARKETING_VERSION = 1.0;
				PRODUCT_BUNDLE_IDENTIFIER = nur.aldy.otus.hw9Tests;
				PRODUCT_NAME = "$(TARGET_NAME)";
				SWIFT_EMIT_LOC_STRINGS = NO;
				SWIFT_VERSION = 5.0;
				TARGETED_DEVICE_FAMILY = "1,2";
				TEST_HOST = "$(BUILT_PRODUCTS_DIR)/hw9.app/$(BUNDLE_EXECUTABLE_FOLDER_PATH)/hw9";
			};
			name = Release;
		};
		CB6C3EED2D055BBC00C25556 /* Debug */ = {
			isa = XCBuildConfiguration;
			buildSettings = {
				CODE_SIGN_STYLE = Automatic;
				CURRENT_PROJECT_VERSION = 1;
				GENERATE_INFOPLIST_FILE = YES;
				MARKETING_VERSION = 1.0;
				PRODUCT_BUNDLE_IDENTIFIER = nur.aldy.otus.hw9UITests;
				PRODUCT_NAME = "$(TARGET_NAME)";
				SWIFT_EMIT_LOC_STRINGS = NO;
				SWIFT_VERSION = 5.0;
				TARGETED_DEVICE_FAMILY = "1,2";
				TEST_TARGET_NAME = hw9;
			};
			name = Debug;
		};
		CB6C3EEE2D055BBC00C25556 /* Release */ = {
			isa = XCBuildConfiguration;
			buildSettings = {
				CODE_SIGN_STYLE = Automatic;
				CURRENT_PROJECT_VERSION = 1;
				GENERATE_INFOPLIST_FILE = YES;
				MARKETING_VERSION = 1.0;
				PRODUCT_BUNDLE_IDENTIFIER = nur.aldy.otus.hw9UITests;
				PRODUCT_NAME = "$(TARGET_NAME)";
				SWIFT_EMIT_LOC_STRINGS = NO;
				SWIFT_VERSION = 5.0;
				TARGETED_DEVICE_FAMILY = "1,2";
				TEST_TARGET_NAME = hw9;
			};
			name = Release;
		};
/* End XCBuildConfiguration section */

/* Begin XCConfigurationList section */
		CB6C3EB62D055BBB00C25556 /* Build configuration list for PBXProject "hw9" */ = {
			isa = XCConfigurationList;
			buildConfigurations = (
				CB6C3EE72D055BBC00C25556 /* Debug */,
				CB6C3EE82D055BBC00C25556 /* Release */,
			);
			defaultConfigurationIsVisible = 0;
			defaultConfigurationName = Release;
		};
		CB6C3EE42D055BBC00C25556 /* Build configuration list for PBXNativeTarget "hw9" */ = {
			isa = XCConfigurationList;
			buildConfigurations = (
				CB6C3EE52D055BBC00C25556 /* Debug */,
				CB6C3EE62D055BBC00C25556 /* Release */,
			);
			defaultConfigurationIsVisible = 0;
			defaultConfigurationName = Release;
		};
		CB6C3EE92D055BBC00C25556 /* Build configuration list for PBXNativeTarget "hw9Tests" */ = {
			isa = XCConfigurationList;
			buildConfigurations = (
				CB6C3EEA2D055BBC00C25556 /* Debug */,
				CB6C3EEB2D055BBC00C25556 /* Release */,
			);
			defaultConfigurationIsVisible = 0;
			defaultConfigurationName = Release;
		};
		CB6C3EEC2D055BBC00C25556 /* Build configuration list for PBXNativeTarget "hw9UITests" */ = {
			isa = XCConfigurationList;
			buildConfigurations = (
				CB6C3EED2D055BBC00C25556 /* Debug */,
				CB6C3EEE2D055BBC00C25556 /* Release */,
			);
			defaultConfigurationIsVisible = 0;
			defaultConfigurationName = Release;
		};
/* End XCConfigurationList section */
	};
	rootObject = CB6C3EB32D055BBB00C25556 /* Project object */;
}
